PODS:
  - Eureka (4.1.1)
  - Realm (3.3.0):
    - Realm/Headers (= 3.3.0)
  - Realm/Headers (3.3.0)
  - RealmSwift (3.3.0):
    - Realm (= 3.3.0)
  - SearchTextField (1.2.0)
  - SwifterSwift/SwiftStdlib (4.2.0)

DEPENDENCIES:
  - Eureka
  - RealmSwift
  - SearchTextField
  - SwifterSwift/SwiftStdlib

SPEC CHECKSUMS:
  Eureka: b88fb930e42c79f8c03c373d0fcdc28c1d6c50ed
  Realm: 7d74ad6c5020432f58fe5e1df90bb6d97b2c7fef
  RealmSwift: b2fa31a09c22e246026766557405505eeaad2b01
  SearchTextField: a5bb7e4c33affadb115afdbe8100d84ef10a8024
  SwifterSwift: 1d101dcfb0c3123226900f3b4d220d57fb60d546

PODFILE CHECKSUM: b33964a03876329c31b7247028f6c586b59081e8

COCOAPODS: 1.4.0
