PODS:
  - Eureka (4.1.1)
  - Realm (3.4.0):
    - Realm/Headers (= 3.4.0)
  - Realm/Headers (3.4.0)
  - RealmSwift (3.4.0):
    - Realm (= 3.4.0)
  - SwifterSwift/Foundation (4.3.0)
  - SwifterSwift/SwiftStdlib (4.3.0)

DEPENDENCIES:
  - Eureka
  - RealmSwift
  - SwifterSwift/Foundation
  - SwifterSwift/SwiftStdlib

SPEC CHECKSUMS:
  Eureka: b88fb930e42c79f8c03c373d0fcdc28c1d6c50ed
  Realm: 9527c7baa2260f3a3aad6823d2d71cafff9b046b
  RealmSwift: f40a747beaea1cadde7dcef41ee5a34b3001677b
  SwifterSwift: f3fce2b9fc5b9d8fda6eec33825e5243c60aebba

PODFILE CHECKSUM: 57d01eaad9b5f181355c086e8aea6458d4bc1272

COCOAPODS: 1.4.0
