PODS:
  - Crashlytics (3.10.8):
    - Fabric (~> 1.7.12)
  - Eureka (4.3.0)
  - Fabric (1.7.12)
  - Realm (3.10.0):
    - Realm/Headers (= 3.10.0)
  - Realm/Headers (3.10.0)
  - RealmSwift (3.10.0):
    - Realm (= 3.10.0)
  - SwifterSwift/Foundation (4.6.0)
  - SwifterSwift/SwiftStdlib (4.6.0)
  - SwiftLint (0.27.0)

DEPENDENCIES:
  - Crashlytics
  - Eureka
  - Fabric
  - RealmSwift
  - SwifterSwift/Foundation
  - SwifterSwift/SwiftStdlib
  - SwiftLint

SPEC REPOS:
  https://github.com/cocoapods/specs.git:
    - Crashlytics
    - Eureka
    - Fabric
    - Realm
    - RealmSwift
    - SwifterSwift
    - SwiftLint

SPEC CHECKSUMS:
  Crashlytics: 058dc1ba579f6c100bc60a6878703779bff383c4
  Eureka: 6d711cb30ca333b4bc893110285a722ae3840114
  Fabric: d7387db9a31aadff63b147a4b91d982c53afaa4f
  Realm: 85ab9e4f779d66f6e9ffeb118dc25b7f130c96ac
  RealmSwift: 69121c8b86d0ae005fb779efdb10e606732e1c74
  SwifterSwift: 812ffec6f301922f5430e75be3f2939ea3a80024
  SwiftLint: 3207c1faa2240bf8973b191820a116113cd11073

PODFILE CHECKSUM: 984564e9e83b074527dde975103c0608682152a7

COCOAPODS: 1.5.3
